Microsoft Visual Studio Solution File, Format Version 12.00
# Visual Studio Version 17
VisualStudioVersion = 17.8.33424.270
MinimumVisualStudioVersion = 10.0.40219.1
Project("{FAE04EC0-301F-11D3-BF4B-00C04F79EFBC}") = "CPR.Api", "CPR.Api\CPR.Api.csproj", "{C0C0C0C0-C0C0-4C0C-8C0C-0C0C0C0C0C0C}"
EndProject
Project("{FAE04EC0-301F-11D3-BF4B-00C04F79EFBC}") = "CPR.Application", "CPR.Application\CPR.Application.csproj", "{A1A1A1A1-A1A1-4A1A-8A1A-A1A1A1A1A1A1}"
EndProject
Project("{FAE04EC0-301F-11D3-BF4B-00C04F79EFBC}") = "CPR.Domain", "CPR.Domain\CPR.Domain.csproj", "{B2B2B2B2-B2B2-4B2B-8B2B-B2B2B2B2B2B2}"
EndProject
Project("{FAE04EC0-301F-11D3-BF4B-00C04F79EFBC}") = "CPR.Infrastructure", "CPR.Infrastructure\CPR.Infrastructure.csproj", "{C3C3C3C3-C3C3-4C3C-8C3C-C3C3C3C3C3C3}"
EndProject
Global
	GlobalSection(SolutionConfigurationPlatforms) = preSolution
		Debug|Any CPU = Debug|Any CPU
		Release|Any CPU = Release|Any CPU
	EndGlobalSection
	GlobalSection(ProjectConfigurationPlatforms) = postSolution
		{C0C0C0C0-C0C0-4C0C-8C0C-0C0C0C0C0C0C}.Debug|Any CPU.ActiveCfg = Debug|Any CPU
		{C0C0C0C0-C0C0-4C0C-8C0C-0C0C0C0C0C0C}.Debug|Any CPU.Build.0 = Debug|Any CPU
		{C0C0C0C0-C0C0-4C0C-8C0C-0C0C0C0C0C0C}.Release|Any CPU.ActiveCfg = Release|Any CPU
		{C0C0C0C0-C0C0-4C0C-8C0C-0C0C0C0C0C0C}.Release|Any CPU.Build.0 = Release|Any CPU
		{A1A1A1A1-A1A1-4A1A-8A1A-A1A1A1A1A1A1}.Debug|Any CPU.ActiveCfg = Debug|Any CPU
		{A1A1A1A1-A1A1-4A1A-8A1A-A1A1A1A1A1A1}.Debug|Any CPU.Build.0 = Debug|Any CPU
		{A1A1A1A1-A1A1-4A1A-8A1A-A1A1A1A1A1A1}.Release|Any CPU.ActiveCfg = Release|Any CPU
		{A1A1A1A1-A1A1-4A1A-8A1A-A1A1A1A1A1A1}.Release|Any CPU.Build.0 = Release|Any CPU
		{B2B2B2B2-B2B2-4B2B-8B2B-B2B2B2B2B2B2}.Debug|Any CPU.ActiveCfg = Debug|Any CPU
		{B2B2B2B2-B2B2-4B2B-8B2B-B2B2B2B2B2B2}.Debug|Any CPU.Build.0 = Debug|Any CPU
		{B2B2B2B2-B2B2-4B2B-8B2B-B2B2B2B2B2B2}.Release|Any CPU.ActiveCfg = Release|Any CPU
		{B2B2B2B2-B2B2-4B2B-8B2B-B2B2B2B2B2B2}.Release|Any CPU.Build.0 = Release|Any CPU
		{C3C3C3C3-C3C3-4C3C-8C3C-C3C3C3C3C3C3}.Debug|Any CPU.ActiveCfg = Debug|Any CPU
		{C3C3C3C3-C3C3-4C3C-8C3C-C3C3C3C3C3C3}.Debug|Any CPU.Build.0 = Debug|Any CPU
		{C3C3C3C3-C3C3-4C3C-8C3C-C3C3C3C3C3C3}.Release|Any CPU.ActiveCfg = Release|Any CPU
		{C3C3C3C3-C3C3-4C3C-8C3C-C3C3C3C3C3C3}.Release|Any CPU.Build.0 = Release|Any CPU
	EndGlobalSection
EndGlobal
